{
  "nodes": {
    "flake-compat": {
      "flake": false,
      "locked": {
        "lastModified": 1627913399,
        "narHash": "sha256-hY8g6H2KFL8ownSiFeMOjwPC8P0ueXpCVEbxgda3pko=",
        "owner": "edolstra",
        "repo": "flake-compat",
        "rev": "12c64ca55c1014cdc1b16ed5a804aa8576601ff2",
        "type": "github"
      },
      "original": {
        "owner": "edolstra",
        "repo": "flake-compat",
        "type": "github"
      }
    },
    "flake-utils": {
      "locked": {
        "lastModified": 1634851050,
        "narHash": "sha256-N83GlSGPJJdcqhUxSCS/WwW5pksYf3VP1M13cDRTSVA=",
        "owner": "numtide",
        "repo": "flake-utils",
        "rev": "c91f3de5adaf1de973b797ef7485e441a65b8935",
        "type": "github"
      },
      "original": {
        "owner": "numtide",
        "repo": "flake-utils",
        "type": "github"
      }
    },
    "mkRustFlake": {
      "inputs": {
        "flake-utils": "flake-utils",
        "nixpkgs": "nixpkgs",
        "rust-overlay": "rust-overlay"
      },
      "locked": {
        "lastModified": 1636673982,
        "narHash": "sha256-VE0Uq6oeCWy+s/6YNEo+ifc8TO3/JM/GVnFixnJq2Ug=",
        "owner": "piperswe",
        "repo": "mkrustflake",
        "rev": "2773cdd457b2d784d1e127fa1a1369fa03180884",
        "type": "github"
      },
      "original": {
        "owner": "piperswe",
        "repo": "mkrustflake",
        "type": "github"
      }
    },
    "nixpkgs": {
      "locked": {
        "lastModified": 1636670190,
        "narHash": "sha256-n4GbBPJud280czhOqkJ+ygx2bbhSP70ksg0LVd0o8S8=",
        "owner": "nixos",
        "repo": "nixpkgs",
        "rev": "9cad36c40accad65c59368c6b9d27b3d99268e41",
        "type": "github"
      },
      "original": {
        "owner": "nixos",
        "repo": "nixpkgs",
        "type": "github"
      }
    },
    "root": {
      "inputs": {
        "flake-compat": "flake-compat",
        "mkRustFlake": "mkRustFlake"
      }
    },
    "rust-overlay": {
      "inputs": {
        "flake-utils": [
          "mkRustFlake",
          "flake-utils"
        ],
        "nixpkgs": [
          "mkRustFlake",
          "nixpkgs"
        ]
      },
      "locked": {
        "lastModified": 1636596933,
        "narHash": "sha256-uURGWxlD3yVwkUIPRriWWHkbhQ9Kd3pogDkdhx1UeZI=",
        "owner": "oxalica",
        "repo": "rust-overlay",
        "rev": "cf7d3ffc32e349521a1dfc1fc73223c8d7a4c4f8",
        "type": "github"
      },
      "original": {
        "owner": "oxalica",
        "repo": "rust-overlay",
        "type": "github"
      }
    }
  },
  "root": "root",
  "version": 7
}
